
Microsoft Visual Studio Solution File, Format Version 12.00
# Visual Studio Version 17
VisualStudioVersion = 17.11.35303.130
MinimumVisualStudioVersion = 10.0.40219.1
Project("{FAE04EC0-301F-11D3-BF4B-00C04F79EFBC}") = "ECommerceAssignment", "ECommerceAssignment.csproj", "{7005FB17-3649-4A44-A95A-10F5FA7D191E}"
EndProject
Project("{FAE04EC0-301F-11D3-BF4B-00C04F79EFBC}") = "ECommerceClassLibrary", "..\ECommerceClassLibrary\ECommerceClassLibrary.csproj", "{23CA0084-0A85-4EC9-AE70-2FD49E3B7DFE}"
EndProject
Global
	GlobalSection(SolutionConfigurationPlatforms) = preSolution
		Debug|Any CPU = Debug|Any CPU
		Release|Any CPU = Release|Any CPU
	EndGlobalSection
	GlobalSection(ProjectConfigurationPlatforms) = postSolution
		{7005FB17-3649-4A44-A95A-10F5FA7D191E}.Debug|Any CPU.ActiveCfg = Debug|Any CPU
		{7005FB17-3649-4A44-A95A-10F5FA7D191E}.Debug|Any CPU.Build.0 = Debug|Any CPU
		{7005FB17-3649-4A44-A95A-10F5FA7D191E}.Release|Any CPU.ActiveCfg = Release|Any CPU
		{7005FB17-3649-4A44-A95A-10F5FA7D191E}.Release|Any CPU.Build.0 = Release|Any CPU
		{23CA0084-0A85-4EC9-AE70-2FD49E3B7DFE}.Debug|Any CPU.ActiveCfg = Debug|Any CPU
		{23CA0084-0A85-4EC9-AE70-2FD49E3B7DFE}.Debug|Any CPU.Build.0 = Debug|Any CPU
		{23CA0084-0A85-4EC9-AE70-2FD49E3B7DFE}.Release|Any CPU.ActiveCfg = Release|Any CPU
		{23CA0084-0A85-4EC9-AE70-2FD49E3B7DFE}.Release|Any CPU.Build.0 = Release|Any CPU
	EndGlobalSection
	GlobalSection(SolutionProperties) = preSolution
		HideSolutionNode = FALSE
	EndGlobalSection
	GlobalSection(ExtensibilityGlobals) = postSolution
		SolutionGuid = {FC8540E0-B2B2-401E-A022-27DC9CD47E53}
	EndGlobalSection
EndGlobal
